
Microsoft Visual Studio Solution File, Format Version 12.00
# Visual Studio Version 17
VisualStudioVersion = 17.13.35818.85 d17.13
MinimumVisualStudioVersion = 10.0.40219.1
Project("{FAE04EC0-301F-11D3-BF4B-00C04F79EFBC}") = "WamEnum", "WamEnum\WamEnum.csproj", "{044FC697-0BE2-41B2-BCD4-FB987A392556}"
EndProject
Global
	GlobalSection(SolutionConfigurationPlatforms) = preSolution
		Debug|Any CPU = Debug|Any CPU
		Release|Any CPU = Release|Any CPU
	EndGlobalSection
	GlobalSection(ProjectConfigurationPlatforms) = postSolution
		{044FC697-0BE2-41B2-BCD4-FB987A392556}.Debug|Any CPU.ActiveCfg = Debug|Any CPU
		{044FC697-0BE2-41B2-BCD4-FB987A392556}.Debug|Any CPU.Build.0 = Debug|Any CPU
		{044FC697-0BE2-41B2-BCD4-FB987A392556}.Release|Any CPU.ActiveCfg = Release|Any CPU
		{044FC697-0BE2-41B2-BCD4-FB987A392556}.Release|Any CPU.Build.0 = Release|Any CPU
	EndGlobalSection
	GlobalSection(SolutionProperties) = preSolution
		HideSolutionNode = FALSE
	EndGlobalSection
	GlobalSection(ExtensibilityGlobals) = postSolution
		SolutionGuid = {1864AACF-063E-4FAE-B09D-6FBB7623C68F}
	EndGlobalSection
EndGlobal
